
Microsoft Visual Studio Solution File, Format Version 12.00
# Visual Studio Version 17
VisualStudioVersion = 17.0.31717.71
MinimumVisualStudioVersion = 10.0.40219.1
Project("{9A19103F-16F7-4668-BE54-9A1E7A4F7556}") = "AdminPanel", "AdminPanel.csproj", "{A62507F8-C912-4A44-AC98-55DF58263D34}"
EndProject
Global
	GlobalSection(SolutionConfigurationPlatforms) = preSolution
		Debug|Any CPU = Debug|Any CPU
		Release|Any CPU = Release|Any CPU
	EndGlobalSection
	GlobalSection(ProjectConfigurationPlatforms) = postSolution
		{A62507F8-C912-4A44-AC98-55DF58263D34}.Debug|Any CPU.ActiveCfg = Debug|Any CPU
		{A62507F8-C912-4A44-AC98-55DF58263D34}.Debug|Any CPU.Build.0 = Debug|Any CPU
		{A62507F8-C912-4A44-AC98-55DF58263D34}.Release|Any CPU.ActiveCfg = Release|Any CPU
		{A62507F8-C912-4A44-AC98-55DF58263D34}.Release|Any CPU.Build.0 = Release|Any CPU
	EndGlobalSection
	GlobalSection(SolutionProperties) = preSolution
		HideSolutionNode = FALSE
	EndGlobalSection
	GlobalSection(ExtensibilityGlobals) = postSolution
		SolutionGuid = {3E22A386-7FE0-413A-955E-C39183A7ACFD}
	EndGlobalSection
EndGlobal